github.com/paypal/gatt v0.0.0-20151011220935-4ae819d591cf h1:RHRtrMle1AlWsMdCoIQIbq7IB2y8/5qEsUoAzjCCSCw=
github.com/paypal/gatt v0.0.0-20151011220935-4ae819d591cf/go.mod h1:+AwQL2mK3Pd3S+TUwg0tYQjid0q1txyNUJuuSmz8Kdk=
github.com/peknur/gatt v0.0.0-20200306192256-4702dffa7720 h1:/13izwEY2enNHOQeu8iiLAPJ+5bJJjf/YKaSbU5TWvU=
github.com/peknur/gatt v0.0.0-20200306192256-4702dffa7720/go.mod h1:n7aSewZB56CxlwQCiAhHI0cfR0kscO1dW3LSBYFIy+0=
github.com/peknur/gatt v0.0.0-20200306201740-5649fd523966 h1:oNOEOEUnNI7BrhMeqFj72TR+bilEt302uFfteRVdVSQ=
github.com/peknur/gatt v0.0.0-20200306201740-5649fd523966/go.mod h1:n7aSewZB56CxlwQCiAhHI0cfR0kscO1dW3LSBYFIy+0=
